
Microsoft Visual Studio Solution File, Format Version 12.00
# Visual Studio Version 16
VisualStudioVersion = 16.0.29613.14
MinimumVisualStudioVersion = 10.0.40219.1
Project("{FAE04EC0-301F-11D3-BF4B-00C04F79EFBC}") = "WebMVC", "src\Web Apps\WebMVC\WebMVC.csproj", "{CE29A9DF-E151-4008-8A9F-C6E638B4D3AE}"
EndProject
Project("{2150E333-8FDC-42A3-9474-1A3956D46DE8}") = "Src", "Src", "{939D954B-F21D-4BF4-BDF0-511E7CCB207B}"
EndProject
Project("{2150E333-8FDC-42A3-9474-1A3956D46DE8}") = "Web Apps", "Web Apps", "{7FBE00EC-7C72-42AB-A8A5-8E42286E33C1}"
EndProject
Global
	GlobalSection(SolutionConfigurationPlatforms) = preSolution
		Debug|Any CPU = Debug|Any CPU
		Release|Any CPU = Release|Any CPU
	EndGlobalSection
	GlobalSection(ProjectConfigurationPlatforms) = postSolution
		{CE29A9DF-E151-4008-8A9F-C6E638B4D3AE}.Debug|Any CPU.ActiveCfg = Debug|Any CPU
		{CE29A9DF-E151-4008-8A9F-C6E638B4D3AE}.Debug|Any CPU.Build.0 = Debug|Any CPU
		{CE29A9DF-E151-4008-8A9F-C6E638B4D3AE}.Release|Any CPU.ActiveCfg = Release|Any CPU
		{CE29A9DF-E151-4008-8A9F-C6E638B4D3AE}.Release|Any CPU.Build.0 = Release|Any CPU
	EndGlobalSection
	GlobalSection(SolutionProperties) = preSolution
		HideSolutionNode = FALSE
	EndGlobalSection
	GlobalSection(NestedProjects) = preSolution
		{CE29A9DF-E151-4008-8A9F-C6E638B4D3AE} = {7FBE00EC-7C72-42AB-A8A5-8E42286E33C1}
		{7FBE00EC-7C72-42AB-A8A5-8E42286E33C1} = {939D954B-F21D-4BF4-BDF0-511E7CCB207B}
	EndGlobalSection
	GlobalSection(ExtensibilityGlobals) = postSolution
		SolutionGuid = {F2928628-E1BC-4F4F-8629-6BACF8024B7D}
	EndGlobalSection
EndGlobal
